<?xml version="1.0" encoding="utf-8"?>
<Project ToolsVersion="4.0" xmlns="http://schemas.microsoft.com/developer/msbuild/2003">
  <ItemGroup>
    <Filter Include="Source Files">
      <UniqueIdentifier>{4FC737F1-C7A5-4376-A066-2A32D752A2FF}</UniqueIdentifier>
      <Extensions>cpp;c;cc;cxx;def;odl;idl;hpj;bat;asm;asmx</Extensions>
    </Filter>
    <Filter Include="Header Files">
      <UniqueIdentifier>{93995380-89BD-4b04-88EB-625FBE52EBFB}</UniqueIdentifier>
      <Extensions>h;hh;hpp;hxx;hm;inl;inc;xsd</Extensions>
    </Filter>
    <Filter Include="Resource Files">
      <UniqueIdentifier>{67DA6AB6-F800-4c08-8B7A-83BB121AAD01}</UniqueIdentifier>
      <Extensions>rc;ico;cur;bmp;dlg;rc2;rct;bin;rgs;gif;jpg;jpeg;jpe;resx;tiff;tif;png;wav</Extensions>
    </Filter>
  </ItemGroup>
  <ItemGroup>
    <ClCompile Include="src\Cluster.cpp">
      <Filter>Source Files</Filter>
    </ClCompile>
    <ClCompile Include="src\CluVRPinst.cpp">
      <Filter>Source Files</Filter>
    </ClCompile>
    <ClCompile Include="src\CluVRPsol.cpp">
      <Filter>Source Files</Filter>
    </ClCompile>
    <ClCompile Include="src\CluVRPsolver.cpp">
      <Filter>Source Files</Filter>
    </ClCompile>
    <ClCompile Include="src\FileHandler.cpp">
      <Filter>Source Files</Filter>
    </ClCompile>
    <ClCompile Include="src\Globals.cpp">
      <Filter>Source Files</Filter>
    </ClCompile>
    <ClCompile Include="src\Hausdorff.cpp">
      <Filter>Source Files</Filter>
    </ClCompile>
    <ClCompile Include="src\Heuristic.cpp">
      <Filter>Source Files</Filter>
    </ClCompile>
    <ClCompile Include="src\LKMain.cpp">
      <Filter>Source Files</Filter>
    </ClCompile>
    <ClCompile Include="src\LKMatrix.cpp">
      <Filter>Source Files</Filter>
    </ClCompile>
    <ClCompile Include="src\main.cpp">
      <Filter>Source Files</Filter>
    </ClCompile>
    <ClCompile Include="src\Move.cpp">
      <Filter>Source Files</Filter>
    </ClCompile>
    <ClCompile Include="src\Printer.cpp">
      <Filter>Source Files</Filter>
    </ClCompile>
    <ClCompile Include="src\Reader.cpp">
      <Filter>Source Files</Filter>
    </ClCompile>
    <ClCompile Include="src\Solution.cpp">
      <Filter>Source Files</Filter>
    </ClCompile>
    <ClCompile Include="src\Timer.cpp">
      <Filter>Source Files</Filter>
    </ClCompile>
    <ClCompile Include="src\Trip.cpp">
      <Filter>Source Files</Filter>
    </ClCompile>
    <ClCompile Include="src\VNS.cpp">
      <Filter>Source Files</Filter>
    </ClCompile>
    <ClCompile Include="src\YEdInterface.cpp">
      <Filter>Source Files</Filter>
    </ClCompile>
  </ItemGroup>
  <ItemGroup>
    <ClInclude Include="src\Cluster.h">
      <Filter>Header Files</Filter>
    </ClInclude>
    <ClInclude Include="src\CluVRPinst.h">
      <Filter>Header Files</Filter>
    </ClInclude>
    <ClInclude Include="src\CluVRPsol.h">
      <Filter>Header Files</Filter>
    </ClInclude>
    <ClInclude Include="src\CluVRPsolver.h">
      <Filter>Header Files</Filter>
    </ClInclude>
    <ClInclude Include="src\FileHandler.h">
      <Filter>Header Files</Filter>
    </ClInclude>
    <ClInclude Include="src\Globals.h">
      <Filter>Header Files</Filter>
    </ClInclude>
    <ClInclude Include="src\Hausdorff.h">
      <Filter>Header Files</Filter>
    </ClInclude>
    <ClInclude Include="src\Heuristic.h">
      <Filter>Header Files</Filter>
    </ClInclude>
    <ClInclude Include="src\LKMatrix.h">
      <Filter>Header Files</Filter>
    </ClInclude>
    <ClInclude Include="src\Move.h">
      <Filter>Header Files</Filter>
    </ClInclude>
    <ClInclude Include="src\Printer.h">
      <Filter>Header Files</Filter>
    </ClInclude>
    <ClInclude Include="src\Reader.h">
      <Filter>Header Files</Filter>
    </ClInclude>
    <ClInclude Include="src\Solution.h">
      <Filter>Header Files</Filter>
    </ClInclude>
    <ClInclude Include="src\Timer.h">
      <Filter>Header Files</Filter>
    </ClInclude>
    <ClInclude Include="src\Trip.h">
      <Filter>Header Files</Filter>
    </ClInclude>
    <ClInclude Include="src\VNS.h">
      <Filter>Header Files</Filter>
    </ClInclude>
    <ClInclude Include="src\YEdInterface.h">
      <Filter>Header Files</Filter>
    </ClInclude>
  </ItemGroup>
</Project>